
Microsoft Visual Studio Solution File, Format Version 12.00
# Visual Studio Version 17
VisualStudioVersion = 17.5.33414.496
MinimumVisualStudioVersion = 10.0.40219.1
Project("{9A19103F-16F7-4668-BE54-9A1E7A4F7556}") = "MainForm", "MainForm\MainForm.csproj", "{DCB75541-A178-49BB-9943-13A0287595A3}"
EndProject
Project("{54435603-DBB4-11D2-8724-00A0C9A8B90C}") = "Setup", "Setup\Setup.vdproj", "{9AB47356-FA31-42EA-8AB8-227D5C675DAB}"
EndProject
Global
	GlobalSection(SolutionConfigurationPlatforms) = preSolution
		Debug|Any CPU = Debug|Any CPU
		Release|Any CPU = Release|Any CPU
	EndGlobalSection
	GlobalSection(ProjectConfigurationPlatforms) = postSolution
		{DCB75541-A178-49BB-9943-13A0287595A3}.Debug|Any CPU.ActiveCfg = Debug|Any CPU
		{DCB75541-A178-49BB-9943-13A0287595A3}.Debug|Any CPU.Build.0 = Debug|Any CPU
		{DCB75541-A178-49BB-9943-13A0287595A3}.Release|Any CPU.ActiveCfg = Release|Any CPU
		{DCB75541-A178-49BB-9943-13A0287595A3}.Release|Any CPU.Build.0 = Release|Any CPU
		{9AB47356-FA31-42EA-8AB8-227D5C675DAB}.Debug|Any CPU.ActiveCfg = Debug
		{9AB47356-FA31-42EA-8AB8-227D5C675DAB}.Release|Any CPU.ActiveCfg = Release
	EndGlobalSection
	GlobalSection(SolutionProperties) = preSolution
		HideSolutionNode = FALSE
	EndGlobalSection
	GlobalSection(ExtensibilityGlobals) = postSolution
		SolutionGuid = {E0BE1C55-A424-4415-826C-563FBFFE5756}
	EndGlobalSection
EndGlobal
